FORGE
  remote: http://forge.puppetlabs.com
  specs:
    puppetlabs/apt (1.4.0)
      puppetlabs/stdlib (>= 2.2.1)
    puppetlabs/ntp (3.0.0-rc1)
      puppetlabs/stdlib (>= 0.1.6)
    puppetlabs/stdlib (4.1.0)
    saz/locales (2.0.0)
    saz/motd (2.0.3)
    saz/timezone (1.2.0)

GIT
  remote: https://github.com/davidcollom/puppet-serf.git
  ref: master
  sha: 29eeeca19abbcaa8226f7f4cf4f6a870480991be
  specs:
    davidcollom/serf (0.1.3)
      puppetlabs/stdlib (>= 0)

DEPENDENCIES
  davidcollom/serf (>= 0)
  puppetlabs/apt (>= 0)
  puppetlabs/ntp (>= 0)
  saz/locales (>= 0)
  saz/motd (>= 0)
  saz/timezone (>= 0)

